
Microsoft Visual Studio Solution File, Format Version 12.00
# Visual Studio Version 16
VisualStudioVersion = 16.0.31112.23
MinimumVisualStudioVersion = 10.0.40219.1
Project("{FAE04EC0-301F-11D3-BF4B-00C04F79EFBC}") = "MaturitaOOP", "MaturitaOOP\MaturitaOOP.csproj", "{0178EF5B-9175-4F42-9602-77A964546EF3}"
EndProject
Global
	GlobalSection(SolutionConfigurationPlatforms) = preSolution
		Debug|Any CPU = Debug|Any CPU
		Release|Any CPU = Release|Any CPU
	EndGlobalSection
	GlobalSection(ProjectConfigurationPlatforms) = postSolution
		{0178EF5B-9175-4F42-9602-77A964546EF3}.Debug|Any CPU.ActiveCfg = Debug|Any CPU
		{0178EF5B-9175-4F42-9602-77A964546EF3}.Debug|Any CPU.Build.0 = Debug|Any CPU
		{0178EF5B-9175-4F42-9602-77A964546EF3}.Release|Any CPU.ActiveCfg = Release|Any CPU
		{0178EF5B-9175-4F42-9602-77A964546EF3}.Release|Any CPU.Build.0 = Release|Any CPU
	EndGlobalSection
	GlobalSection(SolutionProperties) = preSolution
		HideSolutionNode = FALSE
	EndGlobalSection
	GlobalSection(ExtensibilityGlobals) = postSolution
		SolutionGuid = {138F299F-8957-4F2A-9E46-B7D6CFA45BDF}
	EndGlobalSection
EndGlobal
